
Microsoft Visual Studio Solution File, Format Version 12.00
# Visual Studio Version 16
VisualStudioVersion = 16.0.30611.23
MinimumVisualStudioVersion = 10.0.40219.1
Project("{FAE04EC0-301F-11D3-BF4B-00C04F79EFBC}") = "GaussianIntegers", "GaussianIntegers.csproj", "{8FD9A967-F628-4419-B6B0-3BEA3E279BC9}"
EndProject
Project("{9A19103F-16F7-4668-BE54-9A1E7A4F7556}") = "Taylor", "Taylor\Taylor.csproj", "{C6C1CBA3-80DE-4DB0-BFBF-D4F5D6EF5D79}"
EndProject
Global
	GlobalSection(SolutionConfigurationPlatforms) = preSolution
		Debug|Any CPU = Debug|Any CPU
		Debug|x64 = Debug|x64
		Release|Any CPU = Release|Any CPU
		Release|x64 = Release|x64
	EndGlobalSection
	GlobalSection(ProjectConfigurationPlatforms) = postSolution
		{8FD9A967-F628-4419-B6B0-3BEA3E279BC9}.Debug|Any CPU.ActiveCfg = Debug|Any CPU
		{8FD9A967-F628-4419-B6B0-3BEA3E279BC9}.Debug|Any CPU.Build.0 = Debug|Any CPU
		{8FD9A967-F628-4419-B6B0-3BEA3E279BC9}.Debug|x64.ActiveCfg = Debug|x64
		{8FD9A967-F628-4419-B6B0-3BEA3E279BC9}.Debug|x64.Build.0 = Debug|x64
		{8FD9A967-F628-4419-B6B0-3BEA3E279BC9}.Release|Any CPU.ActiveCfg = Release|Any CPU
		{8FD9A967-F628-4419-B6B0-3BEA3E279BC9}.Release|Any CPU.Build.0 = Release|Any CPU
		{8FD9A967-F628-4419-B6B0-3BEA3E279BC9}.Release|x64.ActiveCfg = Release|x64
		{8FD9A967-F628-4419-B6B0-3BEA3E279BC9}.Release|x64.Build.0 = Release|x64
		{C6C1CBA3-80DE-4DB0-BFBF-D4F5D6EF5D79}.Debug|Any CPU.ActiveCfg = Debug|Any CPU
		{C6C1CBA3-80DE-4DB0-BFBF-D4F5D6EF5D79}.Debug|Any CPU.Build.0 = Debug|Any CPU
		{C6C1CBA3-80DE-4DB0-BFBF-D4F5D6EF5D79}.Debug|x64.ActiveCfg = Debug|Any CPU
		{C6C1CBA3-80DE-4DB0-BFBF-D4F5D6EF5D79}.Debug|x64.Build.0 = Debug|Any CPU
		{C6C1CBA3-80DE-4DB0-BFBF-D4F5D6EF5D79}.Release|Any CPU.ActiveCfg = Release|Any CPU
		{C6C1CBA3-80DE-4DB0-BFBF-D4F5D6EF5D79}.Release|Any CPU.Build.0 = Release|Any CPU
		{C6C1CBA3-80DE-4DB0-BFBF-D4F5D6EF5D79}.Release|x64.ActiveCfg = Release|Any CPU
		{C6C1CBA3-80DE-4DB0-BFBF-D4F5D6EF5D79}.Release|x64.Build.0 = Release|Any CPU
	EndGlobalSection
	GlobalSection(SolutionProperties) = preSolution
		HideSolutionNode = FALSE
	EndGlobalSection
	GlobalSection(ExtensibilityGlobals) = postSolution
		SolutionGuid = {A3078746-AE4A-4D53-86D3-FD4B1A87B5C1}
	EndGlobalSection
EndGlobal
